// !$*UTF8*$!
{
	archiveVersion = 1;
	classes = {
	};
	objectVersion = 50;
	objects = {

/* Begin PBXBuildFile section */
		D82385EB2187094B008892E1 /* ReasonsViewController.swift in Sources */ = {isa = PBXBuildFile; fileRef = D82385EA2187094B008892E1 /* ReasonsViewController.swift */; };
		D82385EE2187132F008892E1 /* HeaderView.xib in Resources */ = {isa = PBXBuildFile; fileRef = D82385EC2187132E008892E1 /* HeaderView.xib */; };
		D82385EF2187132F008892E1 /* HeaderView.swift in Sources */ = {isa = PBXBuildFile; fileRef = D82385ED2187132E008892E1 /* HeaderView.swift */; };
		D82385F22187166F008892E1 /* ReasonTableViewCell.swift in Sources */ = {isa = PBXBuildFile; fileRef = D82385F02187166F008892E1 /* ReasonTableViewCell.swift */; };
		D82385F32187166F008892E1 /* ReasonTableViewCell.xib in Resources */ = {isa = PBXBuildFile; fileRef = D82385F12187166F008892E1 /* ReasonTableViewCell.xib */; };
		D82385F621871687008892E1 /* ReasonSummaryTableViewCell.swift in Sources */ = {isa = PBXBuildFile; fileRef = D82385F421871687008892E1 /* ReasonSummaryTableViewCell.swift */; };
		D82385F721871687008892E1 /* ReasonSummaryTableViewCell.xib in Resources */ = {isa = PBXBuildFile; fileRef = D82385F521871687008892E1 /* ReasonSummaryTableViewCell.xib */; };
		D82385F921871A50008892E1 /* Checkbox.swift in Sources */ = {isa = PBXBuildFile; fileRef = D82385F821871A50008892E1 /* Checkbox.swift */; };
		D865FC282188281D00BB2FD1 /* DashboardViewController.swift in Sources */ = {isa = PBXBuildFile; fileRef = D865FC272188281D00BB2FD1 /* DashboardViewController.swift */; };
		D8B0807E217B82B400E090FD /* AppDelegate.swift in Sources */ = {isa = PBXBuildFile; fileRef = D8B0807D217B82B400E090FD /* AppDelegate.swift */; };
		D8B08080217B82B400E090FD /* ViewController.swift in Sources */ = {isa = PBXBuildFile; fileRef = D8B0807F217B82B400E090FD /* ViewController.swift */; };
		D8B08083217B82B400E090FD /* Main.storyboard in Resources */ = {isa = PBXBuildFile; fileRef = D8B08081217B82B400E090FD /* Main.storyboard */; };
		D8B08085217B82B500E090FD /* Assets.xcassets in Resources */ = {isa = PBXBuildFile; fileRef = D8B08084217B82B500E090FD /* Assets.xcassets */; };
		D8B08088217B82B500E090FD /* LaunchScreen.storyboard in Resources */ = {isa = PBXBuildFile; fileRef = D8B08086217B82B500E090FD /* LaunchScreen.storyboard */; };
		D8B08091217B830500E090FD /* ContentCollectionViewCell.swift in Sources */ = {isa = PBXBuildFile; fileRef = D8B0808F217B830500E090FD /* ContentCollectionViewCell.swift */; };
		D8B08092217B830500E090FD /* ContentCollectionViewCell.xib in Resources */ = {isa = PBXBuildFile; fileRef = D8B08090217B830500E090FD /* ContentCollectionViewCell.xib */; };
		D8B08094217B832200E090FD /* CustomCollectionViewLayout.swift in Sources */ = {isa = PBXBuildFile; fileRef = D8B08093217B832200E090FD /* CustomCollectionViewLayout.swift */; };
		D8B08096217B833400E090FD /* CollectionViewController.swift in Sources */ = {isa = PBXBuildFile; fileRef = D8B08095217B833400E090FD /* CollectionViewController.swift */; };
		D8B0809A217B890400E090FD /* ScoringDataModel.swift in Sources */ = {isa = PBXBuildFile; fileRef = D8B08099217B890400E090FD /* ScoringDataModel.swift */; };
/* End PBXBuildFile section */

/* Begin PBXFileReference section */
		D82385EA2187094B008892E1 /* ReasonsViewController.swift */ = {isa = PBXFileReference; lastKnownFileType = sourcecode.swift; path = ReasonsViewController.swift; sourceTree = "<group>"; };
		D82385EC2187132E008892E1 /* HeaderView.xib */ = {isa = PBXFileReference; fileEncoding = 4; lastKnownFileType = file.xib; path = HeaderView.xib; sourceTree = "<group>"; };
		D82385ED2187132E008892E1 /* HeaderView.swift */ = {isa = PBXFileReference; fileEncoding = 4; lastKnownFileType = sourcecode.swift; path = HeaderView.swift; sourceTree = "<group>"; };
		D82385F02187166F008892E1 /* ReasonTableViewCell.swift */ = {isa = PBXFileReference; lastKnownFileType = sourcecode.swift; name = ReasonTableViewCell.swift; path = Cells/ReasonTableViewCell.swift; sourceTree = "<group>"; };
		D82385F12187166F008892E1 /* ReasonTableViewCell.xib */ = {isa = PBXFileReference; lastKnownFileType = file.xib; name = ReasonTableViewCell.xib; path = Cells/ReasonTableViewCell.xib; sourceTree = "<group>"; };
		D82385F421871687008892E1 /* ReasonSummaryTableViewCell.swift */ = {isa = PBXFileReference; lastKnownFileType = sourcecode.swift; name = ReasonSummaryTableViewCell.swift; path = Cells/ReasonSummaryTableViewCell.swift; sourceTree = "<group>"; };
		D82385F521871687008892E1 /* ReasonSummaryTableViewCell.xib */ = {isa = PBXFileReference; lastKnownFileType = file.xib; name = ReasonSummaryTableViewCell.xib; path = Cells/ReasonSummaryTableViewCell.xib; sourceTree = "<group>"; };
		D82385F821871A50008892E1 /* Checkbox.swift */ = {isa = PBXFileReference; fileEncoding = 4; lastKnownFileType = sourcecode.swift; path = Checkbox.swift; sourceTree = "<group>"; };
		D865FC272188281D00BB2FD1 /* DashboardViewController.swift */ = {isa = PBXFileReference; lastKnownFileType = sourcecode.swift; path = DashboardViewController.swift; sourceTree = "<group>"; };
		D8B0807A217B82B400E090FD /* GridViewTest.app */ = {isa = PBXFileReference; explicitFileType = wrapper.application; includeInIndex = 0; path = GridViewTest.app; sourceTree = BUILT_PRODUCTS_DIR; };
		D8B0807D217B82B400E090FD /* AppDelegate.swift */ = {isa = PBXFileReference; lastKnownFileType = sourcecode.swift; path = AppDelegate.swift; sourceTree = "<group>"; };
		D8B0807F217B82B400E090FD /* ViewController.swift */ = {isa = PBXFileReference; lastKnownFileType = sourcecode.swift; path = ViewController.swift; sourceTree = "<group>"; };
		D8B08082217B82B400E090FD /* Base */ = {isa = PBXFileReference; lastKnownFileType = file.storyboard; name = Base; path = Base.lproj/Main.storyboard; sourceTree = "<group>"; };
		D8B08084217B82B500E090FD /* Assets.xcassets */ = {isa = PBXFileReference; lastKnownFileType = folder.assetcatalog; path = Assets.xcassets; sourceTree = "<group>"; };
		D8B08087217B82B500E090FD /* Base */ = {isa = PBXFileReference; lastKnownFileType = file.storyboard; name = Base; path = Base.lproj/LaunchScreen.storyboard; sourceTree = "<group>"; };
		D8B08089217B82B500E090FD /* Info.plist */ = {isa = PBXFileReference; lastKnownFileType = text.plist.xml; path = Info.plist; sourceTree = "<group>"; };
		D8B0808F217B830500E090FD /* ContentCollectionViewCell.swift */ = {isa = PBXFileReference; fileEncoding = 4; lastKnownFileType = sourcecode.swift; path = ContentCollectionViewCell.swift; sourceTree = "<group>"; };
		D8B08090217B830500E090FD /* ContentCollectionViewCell.xib */ = {isa = PBXFileReference; fileEncoding = 4; lastKnownFileType = file.xib; path = ContentCollectionViewCell.xib; sourceTree = "<group>"; };
		D8B08093217B832200E090FD /* CustomCollectionViewLayout.swift */ = {isa = PBXFileReference; fileEncoding = 4; lastKnownFileType = sourcecode.swift; path = CustomCollectionViewLayout.swift; sourceTree = "<group>"; };
		D8B08095217B833400E090FD /* CollectionViewController.swift */ = {isa = PBXFileReference; fileEncoding = 4; lastKnownFileType = sourcecode.swift; path = CollectionViewController.swift; sourceTree = "<group>"; };
		D8B08099217B890400E090FD /* ScoringDataModel.swift */ = {isa = PBXFileReference; lastKnownFileType = sourcecode.swift; path = ScoringDataModel.swift; sourceTree = "<group>"; };
/* End PBXFileReference section */

/* Begin PBXFrameworksBuildPhase section */
		D8B08077217B82B400E090FD /* Frameworks */ = {
			isa = PBXFrameworksBuildPhase;
			buildActionMask = 2147483647;
			files = (
			);
			runOnlyForDeploymentPostprocessing = 0;
		};
/* End PBXFrameworksBuildPhase section */

/* Begin PBXGroup section */
		D8B08071217B82B400E090FD = {
			isa = PBXGroup;
			children = (
				D8B0807C217B82B400E090FD /* GridViewTest */,
				D8B0807B217B82B400E090FD /* Products */,
			);
			sourceTree = "<group>";
		};
		D8B0807B217B82B400E090FD /* Products */ = {
			isa = PBXGroup;
			children = (
				D8B0807A217B82B400E090FD /* GridViewTest.app */,
			);
			name = Products;
			sourceTree = "<group>";
		};
		D8B0807C217B82B400E090FD /* GridViewTest */ = {
			isa = PBXGroup;
			children = (
				D8B0807D217B82B400E090FD /* AppDelegate.swift */,
				D8B0807F217B82B400E090FD /* ViewController.swift */,
				D8B0808F217B830500E090FD /* ContentCollectionViewCell.swift */,
				D8B08093217B832200E090FD /* CustomCollectionViewLayout.swift */,
				D8B08095217B833400E090FD /* CollectionViewController.swift */,
				D82385EA2187094B008892E1 /* ReasonsViewController.swift */,
				D82385ED2187132E008892E1 /* HeaderView.swift */,
				D82385EC2187132E008892E1 /* HeaderView.xib */,
				D8B08090217B830500E090FD /* ContentCollectionViewCell.xib */,
				D8B08081217B82B400E090FD /* Main.storyboard */,
				D8B08084217B82B500E090FD /* Assets.xcassets */,
				D8B08086217B82B500E090FD /* LaunchScreen.storyboard */,
				D8B08089217B82B500E090FD /* Info.plist */,
				D8B08099217B890400E090FD /* ScoringDataModel.swift */,
				D82385F02187166F008892E1 /* ReasonTableViewCell.swift */,
				D82385F12187166F008892E1 /* ReasonTableViewCell.xib */,
				D82385F421871687008892E1 /* ReasonSummaryTableViewCell.swift */,
				D82385F521871687008892E1 /* ReasonSummaryTableViewCell.xib */,
				D82385F821871A50008892E1 /* Checkbox.swift */,
				D865FC272188281D00BB2FD1 /* DashboardViewController.swift */,
			);
			path = GridViewTest;
			sourceTree = "<group>";
		};
/* End PBXGroup section */

/* Begin PBXNativeTarget section */
		D8B08079217B82B400E090FD /* GridViewTest */ = {
			isa = PBXNativeTarget;
			buildConfigurationList = D8B0808C217B82B500E090FD /* Build configuration list for PBXNativeTarget "GridViewTest" */;
			buildPhases = (
				D8B08076217B82B400E090FD /* Sources */,
				D8B08077217B82B400E090FD /* Frameworks */,
				D8B08078217B82B400E090FD /* Resources */,
			);
			buildRules = (
			);
			dependencies = (
			);
			name = GridViewTest;
			productName = GridViewTest;
			productReference = D8B0807A217B82B400E090FD /* GridViewTest.app */;
			productType = "com.apple.product-type.application";
		};
/* End PBXNativeTarget section */

/* Begin PBXProject section */
		D8B08072217B82B400E090FD /* Project object */ = {
			isa = PBXProject;
			attributes = {
				LastSwiftUpdateCheck = 1000;
				LastUpgradeCheck = 1000;
				ORGANIZATIONNAME = Dhilip;
				TargetAttributes = {
					D8B08079217B82B400E090FD = {
						CreatedOnToolsVersion = 10.0;
					};
				};
			};
			buildConfigurationList = D8B08075217B82B400E090FD /* Build configuration list for PBXProject "GridViewTest" */;
			compatibilityVersion = "Xcode 9.3";
			developmentRegion = en;
			hasScannedForEncodings = 0;
			knownRegions = (
				en,
				Base,
			);
			mainGroup = D8B08071217B82B400E090FD;
			productRefGroup = D8B0807B217B82B400E090FD /* Products */;
			projectDirPath = "";
			projectRoot = "";
			targets = (
				D8B08079217B82B400E090FD /* GridViewTest */,
			);
		};
/* End PBXProject section */

/* Begin PBXResourcesBuildPhase section */
		D8B08078217B82B400E090FD /* Resources */ = {
			isa = PBXResourcesBuildPhase;
			buildActionMask = 2147483647;
			files = (
				D8B08092217B830500E090FD /* ContentCollectionViewCell.xib in Resources */,
				D82385EE2187132F008892E1 /* HeaderView.xib in Resources */,
				D8B08088217B82B500E090FD /* LaunchScreen.storyboard in Resources */,
				D82385F721871687008892E1 /* ReasonSummaryTableViewCell.xib in Resources */,
				D82385F32187166F008892E1 /* ReasonTableViewCell.xib in Resources */,
				D8B08085217B82B500E090FD /* Assets.xcassets in Resources */,
				D8B08083217B82B400E090FD /* Main.storyboard in Resources */,
			);
			runOnlyForDeploymentPostprocessing = 0;
		};
/* End PBXResourcesBuildPhase section */

/* Begin PBXSourcesBuildPhase section */
		D8B08076217B82B400E090FD /* Sources */ = {
			isa = PBXSourcesBuildPhase;
			buildActionMask = 2147483647;
			files = (
				D82385F621871687008892E1 /* ReasonSummaryTableViewCell.swift in Sources */,
				D8B08080217B82B400E090FD /* ViewController.swift in Sources */,
				D8B0809A217B890400E090FD /* ScoringDataModel.swift in Sources */,
				D82385EB2187094B008892E1 /* ReasonsViewController.swift in Sources */,
				D82385F921871A50008892E1 /* Checkbox.swift in Sources */,
				D8B0807E217B82B400E090FD /* AppDelegate.swift in Sources */,
				D82385F22187166F008892E1 /* ReasonTableViewCell.swift in Sources */,
				D865FC282188281D00BB2FD1 /* DashboardViewController.swift in Sources */,
				D8B08094217B832200E090FD /* CustomCollectionViewLayout.swift in Sources */,
				D8B08091217B830500E090FD /* ContentCollectionViewCell.swift in Sources */,
				D8B08096217B833400E090FD /* CollectionViewController.swift in Sources */,
				D82385EF2187132F008892E1 /* HeaderView.swift in Sources */,
			);
			runOnlyForDeploymentPostprocessing = 0;
		};
/* End PBXSourcesBuildPhase section */

/* Begin PBXVariantGroup section */
		D8B08081217B82B400E090FD /* Main.storyboard */ = {
			isa = PBXVariantGroup;
			children = (
				D8B08082217B82B400E090FD /* Base */,
			);
			name = Main.storyboard;
			sourceTree = "<group>";
		};
		D8B08086217B82B500E090FD /* LaunchScreen.storyboard */ = {
			isa = PBXVariantGroup;
			children = (
				D8B08087217B82B500E090FD /* Base */,
			);
			name = LaunchScreen.storyboard;
			sourceTree = "<group>";
		};
/* End PBXVariantGroup section */

/* Begin XCBuildConfiguration section */
		D8B0808A217B82B500E090FD /* Debug */ = {
			isa = XCBuildConfiguration;
			buildSettings = {
				ALWAYS_SEARCH_USER_PATHS = NO;
				CLANG_ANALYZER_NONNULL = YES;
				CLANG_ANALYZER_NUMBER_OBJECT_CONVERSION = YES_AGGRESSIVE;
				CLANG_CXX_LANGUAGE_STANDARD = "gnu++14";
				CLANG_CXX_LIBRARY = "libc++";
				CLANG_ENABLE_MODULES = YES;
				CLANG_ENABLE_OBJC_ARC = YES;
				CLANG_ENABLE_OBJC_WEAK = YES;
				CLANG_WARN_BLOCK_CAPTURE_AUTORELEASING = YES;
				CLANG_WARN_BOOL_CONVERSION = YES;
				CLANG_WARN_COMMA = YES;
				CLANG_WARN_CONSTANT_CONVERSION = YES;
				CLANG_WARN_DEPRECATED_OBJC_IMPLEMENTATIONS = YES;
				CLANG_WARN_DIRECT_OBJC_ISA_USAGE = YES_ERROR;
				CLANG_WARN_DOCUMENTATION_COMMENTS = YES;
				CLANG_WARN_EMPTY_BODY = YES;
				CLANG_WARN_ENUM_CONVERSION = YES;
				CLANG_WARN_INFINITE_RECURSION = YES;
				CLANG_WARN_INT_CONVERSION = YES;
				CLANG_WARN_NON_LITERAL_NULL_CONVERSION = YES;
				CLANG_WARN_OBJC_IMPLICIT_RETAIN_SELF = YES;
				CLANG_WARN_OBJC_LITERAL_CONVERSION = YES;
				CLANG_WARN_OBJC_ROOT_CLASS = YES_ERROR;
				CLANG_WARN_RANGE_LOOP_ANALYSIS = YES;
				CLANG_WARN_STRICT_PROTOTYPES = YES;
				CLANG_WARN_SUSPICIOUS_MOVE = YES;
				CLANG_WARN_UNGUARDED_AVAILABILITY = YES_AGGRESSIVE;
				CLANG_WARN_UNREACHABLE_CODE = YES;
				CLANG_WARN__DUPLICATE_METHOD_MATCH = YES;
				CODE_SIGN_IDENTITY = "iPhone Developer";
				COPY_PHASE_STRIP = NO;
				DEBUG_INFORMATION_FORMAT = dwarf;
				ENABLE_STRICT_OBJC_MSGSEND = YES;
				ENABLE_TESTABILITY = YES;
				GCC_C_LANGUAGE_STANDARD = gnu11;
				GCC_DYNAMIC_NO_PIC = NO;
				GCC_NO_COMMON_BLOCKS = YES;
				GCC_OPTIMIZATION_LEVEL = 0;
				GCC_PREPROCESSOR_DEFINITIONS = (
					"DEBUG=1",
					"$(inherited)",
				);
				GCC_WARN_64_TO_32_BIT_CONVERSION = YES;
				GCC_WARN_ABOUT_RETURN_TYPE = YES_ERROR;
				GCC_WARN_UNDECLARED_SELECTOR = YES;
				GCC_WARN_UNINITIALIZED_AUTOS = YES_AGGRESSIVE;
				GCC_WARN_UNUSED_FUNCTION = YES;
				GCC_WARN_UNUSED_VARIABLE = YES;
				IPHONEOS_DEPLOYMENT_TARGET = 12.0;
				MTL_ENABLE_DEBUG_INFO = INCLUDE_SOURCE;
				MTL_FAST_MATH = YES;
				ONLY_ACTIVE_ARCH = YES;
				SDKROOT = iphoneos;
				SWIFT_ACTIVE_COMPILATION_CONDITIONS = DEBUG;
				SWIFT_OPTIMIZATION_LEVEL = "-Onone";
			};
			name = Debug;
		};
		D8B0808B217B82B500E090FD /* Release */ = {
			isa = XCBuildConfiguration;
			buildSettings = {
				ALWAYS_SEARCH_USER_PATHS = NO;
				CLANG_ANALYZER_NONNULL = YES;
				CLANG_ANALYZER_NUMBER_OBJECT_CONVERSION = YES_AGGRESSIVE;
				CLANG_CXX_LANGUAGE_STANDARD = "gnu++14";
				CLANG_CXX_LIBRARY = "libc++";
				CLANG_ENABLE_MODULES = YES;
				CLANG_ENABLE_OBJC_ARC = YES;
				CLANG_ENABLE_OBJC_WEAK = YES;
				CLANG_WARN_BLOCK_CAPTURE_AUTORELEASING = YES;
				CLANG_WARN_BOOL_CONVERSION = YES;
				CLANG_WARN_COMMA = YES;
				CLANG_WARN_CONSTANT_CONVERSION = YES;
				CLANG_WARN_DEPRECATED_OBJC_IMPLEMENTATIONS = YES;
				CLANG_WARN_DIRECT_OBJC_ISA_USAGE = YES_ERROR;
				CLANG_WARN_DOCUMENTATION_COMMENTS = YES;
				CLANG_WARN_EMPTY_BODY = YES;
				CLANG_WARN_ENUM_CONVERSION = YES;
				CLANG_WARN_INFINITE_RECURSION = YES;
				CLANG_WARN_INT_CONVERSION = YES;
				CLANG_WARN_NON_LITERAL_NULL_CONVERSION = YES;
				CLANG_WARN_OBJC_IMPLICIT_RETAIN_SELF = YES;
				CLANG_WARN_OBJC_LITERAL_CONVERSION = YES;
				CLANG_WARN_OBJC_ROOT_CLASS = YES_ERROR;
				CLANG_WARN_RANGE_LOOP_ANALYSIS = YES;
				CLANG_WARN_STRICT_PROTOTYPES = YES;
				CLANG_WARN_SUSPICIOUS_MOVE = YES;
				CLANG_WARN_UNGUARDED_AVAILABILITY = YES_AGGRESSIVE;
				CLANG_WARN_UNREACHABLE_CODE = YES;
				CLANG_WARN__DUPLICATE_METHOD_MATCH = YES;
				CODE_SIGN_IDENTITY = "iPhone Developer";
				COPY_PHASE_STRIP = NO;
				DEBUG_INFORMATION_FORMAT = "dwarf-with-dsym";
				ENABLE_NS_ASSERTIONS = NO;
				ENABLE_STRICT_OBJC_MSGSEND = YES;
				GCC_C_LANGUAGE_STANDARD = gnu11;
				GCC_NO_COMMON_BLOCKS = YES;
				GCC_WARN_64_TO_32_BIT_CONVERSION = YES;
				GCC_WARN_ABOUT_RETURN_TYPE = YES_ERROR;
				GCC_WARN_UNDECLARED_SELECTOR = YES;
				GCC_WARN_UNINITIALIZED_AUTOS = YES_AGGRESSIVE;
				GCC_WARN_UNUSED_FUNCTION = YES;
				GCC_WARN_UNUSED_VARIABLE = YES;
				IPHONEOS_DEPLOYMENT_TARGET = 12.0;
				MTL_ENABLE_DEBUG_INFO = NO;
				MTL_FAST_MATH = YES;
				SDKROOT = iphoneos;
				SWIFT_COMPILATION_MODE = wholemodule;
				SWIFT_OPTIMIZATION_LEVEL = "-O";
				VALIDATE_PRODUCT = YES;
			};
			name = Release;
		};
		D8B0808D217B82B500E090FD /* Debug */ = {
			isa = XCBuildConfiguration;
			buildSettings = {
				ASSETCATALOG_COMPILER_APPICON_NAME = AppIcon;
				CODE_SIGN_STYLE = Automatic;
				DEVELOPMENT_TEAM = ZYPD6QMLU3;
				INFOPLIST_FILE = GridViewTest/Info.plist;
				LD_RUNPATH_SEARCH_PATHS = (
					"$(inherited)",
					"@executable_path/Frameworks",
				);
				PRODUCT_BUNDLE_IDENTIFIER = com.dhilip.GridViewTest;
				PRODUCT_NAME = "$(TARGET_NAME)";
				SWIFT_VERSION = 4.2;
				TARGETED_DEVICE_FAMILY = "1,2";
			};
			name = Debug;
		};
		D8B0808E217B82B500E090FD /* Release */ = {
			isa = XCBuildConfiguration;
			buildSettings = {
				ASSETCATALOG_COMPILER_APPICON_NAME = AppIcon;
				CODE_SIGN_STYLE = Automatic;
				DEVELOPMENT_TEAM = ZYPD6QMLU3;
				INFOPLIST_FILE = GridViewTest/Info.plist;
				LD_RUNPATH_SEARCH_PATHS = (
					"$(inherited)",
					"@executable_path/Frameworks",
				);
				PRODUCT_BUNDLE_IDENTIFIER = com.dhilip.GridViewTest;
				PRODUCT_NAME = "$(TARGET_NAME)";
				SWIFT_VERSION = 4.2;
				TARGETED_DEVICE_FAMILY = "1,2";
			};
			name = Release;
		};
/* End XCBuildConfiguration section */

/* Begin XCConfigurationList section */
		D8B08075217B82B400E090FD /* Build configuration list for PBXProject "GridViewTest" */ = {
			isa = XCConfigurationList;
			buildConfigurations = (
				D8B0808A217B82B500E090FD /* Debug */,
				D8B0808B217B82B500E090FD /* Release */,
			);
			defaultConfigurationIsVisible = 0;
			defaultConfigurationName = Release;
		};
		D8B0808C217B82B500E090FD /* Build configuration list for PBXNativeTarget "GridViewTest" */ = {
			isa = XCConfigurationList;
			buildConfigurations = (
				D8B0808D217B82B500E090FD /* Debug */,
				D8B0808E217B82B500E090FD /* Release */,
			);
			defaultConfigurationIsVisible = 0;
			defaultConfigurationName = Release;
		};
/* End XCConfigurationList section */
	};
	rootObject = D8B08072217B82B400E090FD /* Project object */;
}
